// !$*UTF8*$!
{
	archiveVersion = 1;
	classes = {
	};
	objectVersion = 46;
	objects = {

/* Begin PBXBuildFile section */
		057192731A5F661A00227027 /* WebView.m in Sources */ = {isa = PBXBuildFile; fileRef = 057192721A5F661A00227027 /* WebView.m */; };
		05AD490E1A369F1500FDB812 /* main.m in Sources */ = {isa = PBXBuildFile; fileRef = 05AD490D1A369F1500FDB812 /* main.m */; };
		05AD49111A369F1500FDB812 /* AppDelegate.m in Sources */ = {isa = PBXBuildFile; fileRef = 05AD49101A369F1500FDB812 /* AppDelegate.m */; };
		05AD491C1A369F1500FDB812 /* Images.xcassets in Resources */ = {isa = PBXBuildFile; fileRef = 05AD491B1A369F1500FDB812 /* Images.xcassets */; };
		05AD491F1A369F1500FDB812 /* LaunchScreen.xib in Resources */ = {isa = PBXBuildFile; fileRef = 05AD491D1A369F1500FDB812 /* LaunchScreen.xib */; };
		05AD492B1A369F1500FDB812 /* WebviewVideoIssueTests.m in Sources */ = {isa = PBXBuildFile; fileRef = 05AD492A1A369F1500FDB812 /* WebviewVideoIssueTests.m */; };
		B07765C554FD6B0107FB16FC /* libPods.a in Frameworks */ = {isa = PBXBuildFile; fileRef = 6D8A79A802B8B96ADB882AE7 /* libPods.a */; };
/* End PBXBuildFile section */

/* Begin PBXContainerItemProxy section */
		05AD49251A369F1500FDB812 /* PBXContainerItemProxy */ = {
			isa = PBXContainerItemProxy;
			containerPortal = 05AD49001A369F1500FDB812 /* Project object */;
			proxyType = 1;
			remoteGlobalIDString = 05AD49071A369F1500FDB812;
			remoteInfo = WebviewVideoIssue;
		};
/* End PBXContainerItemProxy section */

/* Begin PBXFileReference section */
		057192711A5F661A00227027 /* WebView.h */ = {isa = PBXFileReference; fileEncoding = 4; lastKnownFileType = sourcecode.c.h; path = WebView.h; sourceTree = "<group>"; };
		057192721A5F661A00227027 /* WebView.m */ = {isa = PBXFileReference; fileEncoding = 4; lastKnownFileType = sourcecode.c.objc; path = WebView.m; sourceTree = "<group>"; };
		05AD49081A369F1500FDB812 /* WebviewVideoIssue.app */ = {isa = PBXFileReference; explicitFileType = wrapper.application; includeInIndex = 0; path = WebviewVideoIssue.app; sourceTree = BUILT_PRODUCTS_DIR; };
		05AD490C1A369F1500FDB812 /* Info.plist */ = {isa = PBXFileReference; lastKnownFileType = text.plist.xml; path = Info.plist; sourceTree = "<group>"; };
		05AD490D1A369F1500FDB812 /* main.m */ = {isa = PBXFileReference; lastKnownFileType = sourcecode.c.objc; path = main.m; sourceTree = "<group>"; };
		05AD490F1A369F1500FDB812 /* AppDelegate.h */ = {isa = PBXFileReference; lastKnownFileType = sourcecode.c.h; path = AppDelegate.h; sourceTree = "<group>"; };
		05AD49101A369F1500FDB812 /* AppDelegate.m */ = {isa = PBXFileReference; lastKnownFileType = sourcecode.c.objc; path = AppDelegate.m; sourceTree = "<group>"; };
		05AD491B1A369F1500FDB812 /* Images.xcassets */ = {isa = PBXFileReference; lastKnownFileType = folder.assetcatalog; path = Images.xcassets; sourceTree = "<group>"; };
		05AD491E1A369F1500FDB812 /* Base */ = {isa = PBXFileReference; lastKnownFileType = file.xib; name = Base; path = Base.lproj/LaunchScreen.xib; sourceTree = "<group>"; };
		05AD49241A369F1500FDB812 /* WebviewVideoIssueTests.xctest */ = {isa = PBXFileReference; explicitFileType = wrapper.cfbundle; includeInIndex = 0; path = WebviewVideoIssueTests.xctest; sourceTree = BUILT_PRODUCTS_DIR; };
		05AD49291A369F1500FDB812 /* Info.plist */ = {isa = PBXFileReference; lastKnownFileType = text.plist.xml; path = Info.plist; sourceTree = "<group>"; };
		05AD492A1A369F1500FDB812 /* WebviewVideoIssueTests.m */ = {isa = PBXFileReference; lastKnownFileType = sourcecode.c.objc; path = WebviewVideoIssueTests.m; sourceTree = "<group>"; };
		6050B9BFF6593B1A062D49B3 /* Pods.release.xcconfig */ = {isa = PBXFileReference; includeInIndex = 1; lastKnownFileType = text.xcconfig; name = Pods.release.xcconfig; path = "Pods/Target Support Files/Pods/Pods.release.xcconfig"; sourceTree = "<group>"; };
		6D8A79A802B8B96ADB882AE7 /* libPods.a */ = {isa = PBXFileReference; explicitFileType = archive.ar; includeInIndex = 0; path = libPods.a; sourceTree = BUILT_PRODUCTS_DIR; };
		ABA961415F75B2793D5EBD47 /* Pods.debug.xcconfig */ = {isa = PBXFileReference; includeInIndex = 1; lastKnownFileType = text.xcconfig; name = Pods.debug.xcconfig; path = "Pods/Target Support Files/Pods/Pods.debug.xcconfig"; sourceTree = "<group>"; };
/* End PBXFileReference section */

/* Begin PBXFrameworksBuildPhase section */
		05AD49051A369F1500FDB812 /* Frameworks */ = {
			isa = PBXFrameworksBuildPhase;
			buildActionMask = 2147483647;
			files = (
				B07765C554FD6B0107FB16FC /* libPods.a in Frameworks */,
			);
			runOnlyForDeploymentPostprocessing = 0;
		};
		05AD49211A369F1500FDB812 /* Frameworks */ = {
			isa = PBXFrameworksBuildPhase;
			buildActionMask = 2147483647;
			files = (
			);
			runOnlyForDeploymentPostprocessing = 0;
		};
/* End PBXFrameworksBuildPhase section */

/* Begin PBXGroup section */
		05AD48FF1A369F1500FDB812 = {
			isa = PBXGroup;
			children = (
				05AD490A1A369F1500FDB812 /* WebviewVideoIssue */,
				05AD49271A369F1500FDB812 /* WebviewVideoIssueTests */,
				05AD49091A369F1500FDB812 /* Products */,
				F5C156A85710A988A0B57F48 /* Pods */,
				9979E00CAC78D221C9C9690C /* Frameworks */,
			);
			sourceTree = "<group>";
		};
		05AD49091A369F1500FDB812 /* Products */ = {
			isa = PBXGroup;
			children = (
				05AD49081A369F1500FDB812 /* WebviewVideoIssue.app */,
				05AD49241A369F1500FDB812 /* WebviewVideoIssueTests.xctest */,
			);
			name = Products;
			sourceTree = "<group>";
		};
		05AD490A1A369F1500FDB812 /* WebviewVideoIssue */ = {
			isa = PBXGroup;
			children = (
				05AD490F1A369F1500FDB812 /* AppDelegate.h */,
				05AD49101A369F1500FDB812 /* AppDelegate.m */,
				057192711A5F661A00227027 /* WebView.h */,
				057192721A5F661A00227027 /* WebView.m */,
				05AD491B1A369F1500FDB812 /* Images.xcassets */,
				05AD491D1A369F1500FDB812 /* LaunchScreen.xib */,
				05AD490B1A369F1500FDB812 /* Supporting Files */,
			);
			path = WebviewVideoIssue;
			sourceTree = "<group>";
		};
		05AD490B1A369F1500FDB812 /* Supporting Files */ = {
			isa = PBXGroup;
			children = (
				05AD490C1A369F1500FDB812 /* Info.plist */,
				05AD490D1A369F1500FDB812 /* main.m */,
			);
			name = "Supporting Files";
			sourceTree = "<group>";
		};
		05AD49271A369F1500FDB812 /* WebviewVideoIssueTests */ = {
			isa = PBXGroup;
			children = (
				05AD492A1A369F1500FDB812 /* WebviewVideoIssueTests.m */,
				05AD49281A369F1500FDB812 /* Supporting Files */,
			);
			path = WebviewVideoIssueTests;
			sourceTree = "<group>";
		};
		05AD49281A369F1500FDB812 /* Supporting Files */ = {
			isa = PBXGroup;
			children = (
				05AD49291A369F1500FDB812 /* Info.plist */,
			);
			name = "Supporting Files";
			sourceTree = "<group>";
		};
		9979E00CAC78D221C9C9690C /* Frameworks */ = {
			isa = PBXGroup;
			children = (
				6D8A79A802B8B96ADB882AE7 /* libPods.a */,
			);
			name = Frameworks;
			sourceTree = "<group>";
		};
		F5C156A85710A988A0B57F48 /* Pods */ = {
			isa = PBXGroup;
			children = (
				ABA961415F75B2793D5EBD47 /* Pods.debug.xcconfig */,
				6050B9BFF6593B1A062D49B3 /* Pods.release.xcconfig */,
			);
			name = Pods;
			sourceTree = "<group>";
		};
/* End PBXGroup section */

/* Begin PBXNativeTarget section */
		05AD49071A369F1500FDB812 /* WebviewVideoIssue */ = {
			isa = PBXNativeTarget;
			buildConfigurationList = 05AD492E1A369F1500FDB812 /* Build configuration list for PBXNativeTarget "WebviewVideoIssue" */;
			buildPhases = (
				5E42A4F104152DDB29686013 /* Check Pods Manifest.lock */,
				05AD49041A369F1500FDB812 /* Sources */,
				05AD49051A369F1500FDB812 /* Frameworks */,
				05AD49061A369F1500FDB812 /* Resources */,
				1012E236990EE68B0EF0D265 /* Copy Pods Resources */,
			);
			buildRules = (
			);
			dependencies = (
			);
			name = WebviewVideoIssue;
			productName = WebviewVideoIssue;
			productReference = 05AD49081A369F1500FDB812 /* WebviewVideoIssue.app */;
			productType = "com.apple.product-type.application";
		};
		05AD49231A369F1500FDB812 /* WebviewVideoIssueTests */ = {
			isa = PBXNativeTarget;
			buildConfigurationList = 05AD49311A369F1500FDB812 /* Build configuration list for PBXNativeTarget "WebviewVideoIssueTests" */;
			buildPhases = (
				05AD49201A369F1500FDB812 /* Sources */,
				05AD49211A369F1500FDB812 /* Frameworks */,
				05AD49221A369F1500FDB812 /* Resources */,
			);
			buildRules = (
			);
			dependencies = (
				05AD49261A369F1500FDB812 /* PBXTargetDependency */,
			);
			name = WebviewVideoIssueTests;
			productName = WebviewVideoIssueTests;
			productReference = 05AD49241A369F1500FDB812 /* WebviewVideoIssueTests.xctest */;
			productType = "com.apple.product-type.bundle.unit-test";
		};
/* End PBXNativeTarget section */

/* Begin PBXProject section */
		05AD49001A369F1500FDB812 /* Project object */ = {
			isa = PBXProject;
			attributes = {
				LastUpgradeCheck = 0610;
				ORGANIZATIONNAME = "Adrien Long";
				TargetAttributes = {
					05AD49071A369F1500FDB812 = {
						CreatedOnToolsVersion = 6.1.1;
						DevelopmentTeam = A9DC5UMVVQ;
					};
					05AD49231A369F1500FDB812 = {
						CreatedOnToolsVersion = 6.1.1;
						TestTargetID = 05AD49071A369F1500FDB812;
					};
				};
			};
			buildConfigurationList = 05AD49031A369F1500FDB812 /* Build configuration list for PBXProject "WebviewVideoIssue" */;
			compatibilityVersion = "Xcode 3.2";
			developmentRegion = English;
			hasScannedForEncodings = 0;
			knownRegions = (
				en,
				Base,
			);
			mainGroup = 05AD48FF1A369F1500FDB812;
			productRefGroup = 05AD49091A369F1500FDB812 /* Products */;
			projectDirPath = "";
			projectRoot = "";
			targets = (
				05AD49071A369F1500FDB812 /* WebviewVideoIssue */,
				05AD49231A369F1500FDB812 /* WebviewVideoIssueTests */,
			);
		};
/* End PBXProject section */

/* Begin PBXResourcesBuildPhase section */
		05AD49061A369F1500FDB812 /* Resources */ = {
			isa = PBXResourcesBuildPhase;
			buildActionMask = 2147483647;
			files = (
				05AD491F1A369F1500FDB812 /* LaunchScreen.xib in Resources */,
				05AD491C1A369F1500FDB812 /* Images.xcassets in Resources */,
			);
			runOnlyForDeploymentPostprocessing = 0;
		};
		05AD49221A369F1500FDB812 /* Resources */ = {
			isa = PBXResourcesBuildPhase;
			buildActionMask = 2147483647;
			files = (
			);
			runOnlyForDeploymentPostprocessing = 0;
		};
/* End PBXResourcesBuildPhase section */

/* Begin PBXShellScriptBuildPhase section */
		1012E236990EE68B0EF0D265 /* Copy Pods Resources */ = {
			isa = PBXShellScriptBuildPhase;
			buildActionMask = 2147483647;
			files = (
			);
			inputPaths = (
			);
			name = "Copy Pods Resources";
			outputPaths = (
			);
			runOnlyForDeploymentPostprocessing = 0;
			shellPath = /bin/sh;
			shellScript = "\"${SRCROOT}/Pods/Target Support Files/Pods/Pods-resources.sh\"\n";
			showEnvVarsInLog = 0;
		};
		5E42A4F104152DDB29686013 /* Check Pods Manifest.lock */ = {
			isa = PBXShellScriptBuildPhase;
			buildActionMask = 2147483647;
			files = (
			);
			inputPaths = (
			);
			name = "Check Pods Manifest.lock";
			outputPaths = (
			);
			runOnlyForDeploymentPostprocessing = 0;
			shellPath = /bin/sh;
			shellScript = "diff \"${PODS_ROOT}/../Podfile.lock\" \"${PODS_ROOT}/Manifest.lock\" > /dev/null\nif [[ $? != 0 ]] ; then\n    cat << EOM\nerror: The sandbox is not in sync with the Podfile.lock. Run 'pod install' or update your CocoaPods installation.\nEOM\n    exit 1\nfi\n";
			showEnvVarsInLog = 0;
		};
/* End PBXShellScriptBuildPhase section */

/* Begin PBXSourcesBuildPhase section */
		05AD49041A369F1500FDB812 /* Sources */ = {
			isa = PBXSourcesBuildPhase;
			buildActionMask = 2147483647;
			files = (
				05AD49111A369F1500FDB812 /* AppDelegate.m in Sources */,
				057192731A5F661A00227027 /* WebView.m in Sources */,
				05AD490E1A369F1500FDB812 /* main.m in Sources */,
			);
			runOnlyForDeploymentPostprocessing = 0;
		};
		05AD49201A369F1500FDB812 /* Sources */ = {
			isa = PBXSourcesBuildPhase;
			buildActionMask = 2147483647;
			files = (
				05AD492B1A369F1500FDB812 /* WebviewVideoIssueTests.m in Sources */,
			);
			runOnlyForDeploymentPostprocessing = 0;
		};
/* End PBXSourcesBuildPhase section */

/* Begin PBXTargetDependency section */
		05AD49261A369F1500FDB812 /* PBXTargetDependency */ = {
			isa = PBXTargetDependency;
			target = 05AD49071A369F1500FDB812 /* WebviewVideoIssue */;
			targetProxy = 05AD49251A369F1500FDB812 /* PBXContainerItemProxy */;
		};
/* End PBXTargetDependency section */

/* Begin PBXVariantGroup section */
		05AD491D1A369F1500FDB812 /* LaunchScreen.xib */ = {
			isa = PBXVariantGroup;
			children = (
				05AD491E1A369F1500FDB812 /* Base */,
			);
			name = LaunchScreen.xib;
			sourceTree = "<group>";
		};
/* End PBXVariantGroup section */

/* Begin XCBuildConfiguration section */
		05AD492C1A369F1500FDB812 /* Debug */ = {
			isa = XCBuildConfiguration;
			buildSettings = {
				ALWAYS_SEARCH_USER_PATHS = NO;
				CLANG_CXX_LANGUAGE_STANDARD = "gnu++0x";
				CLANG_CXX_LIBRARY = "libc++";
				CLANG_ENABLE_MODULES = YES;
				CLANG_ENABLE_OBJC_ARC = YES;
				CLANG_WARN_BOOL_CONVERSION = YES;
				CLANG_WARN_CONSTANT_CONVERSION = YES;
				CLANG_WARN_DIRECT_OBJC_ISA_USAGE = YES_ERROR;
				CLANG_WARN_EMPTY_BODY = YES;
				CLANG_WARN_ENUM_CONVERSION = YES;
				CLANG_WARN_INT_CONVERSION = YES;
				CLANG_WARN_OBJC_ROOT_CLASS = YES_ERROR;
				CLANG_WARN_UNREACHABLE_CODE = YES;
				CLANG_WARN__DUPLICATE_METHOD_MATCH = YES;
				"CODE_SIGN_IDENTITY[sdk=iphoneos*]" = "iPhone Developer";
				COPY_PHASE_STRIP = NO;
				ENABLE_STRICT_OBJC_MSGSEND = YES;
				GCC_C_LANGUAGE_STANDARD = gnu99;
				GCC_DYNAMIC_NO_PIC = NO;
				GCC_OPTIMIZATION_LEVEL = 0;
				GCC_PREPROCESSOR_DEFINITIONS = (
					"DEBUG=1",
					"$(inherited)",
				);
				GCC_SYMBOLS_PRIVATE_EXTERN = NO;
				GCC_WARN_64_TO_32_BIT_CONVERSION = YES;
				GCC_WARN_ABOUT_RETURN_TYPE = YES_ERROR;
				GCC_WARN_UNDECLARED_SELECTOR = YES;
				GCC_WARN_UNINITIALIZED_AUTOS = YES_AGGRESSIVE;
				GCC_WARN_UNUSED_FUNCTION = YES;
				GCC_WARN_UNUSED_VARIABLE = YES;
				IPHONEOS_DEPLOYMENT_TARGET = 8.1;
				MTL_ENABLE_DEBUG_INFO = YES;
				ONLY_ACTIVE_ARCH = YES;
				SDKROOT = iphoneos;
				TARGETED_DEVICE_FAMILY = "1,2";
			};
			name = Debug;
		};
		05AD492D1A369F1500FDB812 /* Release */ = {
			isa = XCBuildConfiguration;
			buildSettings = {
				ALWAYS_SEARCH_USER_PATHS = NO;
				CLANG_CXX_LANGUAGE_STANDARD = "gnu++0x";
				CLANG_CXX_LIBRARY = "libc++";
				CLANG_ENABLE_MODULES = YES;
				CLANG_ENABLE_OBJC_ARC = YES;
				CLANG_WARN_BOOL_CONVERSION = YES;
				CLANG_WARN_CONSTANT_CONVERSION = YES;
				CLANG_WARN_DIRECT_OBJC_ISA_USAGE = YES_ERROR;
				CLANG_WARN_EMPTY_BODY = YES;
				CLANG_WARN_ENUM_CONVERSION = YES;
				CLANG_WARN_INT_CONVERSION = YES;
				CLANG_WARN_OBJC_ROOT_CLASS = YES_ERROR;
				CLANG_WARN_UNREACHABLE_CODE = YES;
				CLANG_WARN__DUPLICATE_METHOD_MATCH = YES;
				"CODE_SIGN_IDENTITY[sdk=iphoneos*]" = "iPhone Developer";
				COPY_PHASE_STRIP = YES;
				ENABLE_NS_ASSERTIONS = NO;
				ENABLE_STRICT_OBJC_MSGSEND = YES;
				GCC_C_LANGUAGE_STANDARD = gnu99;
				GCC_WARN_64_TO_32_BIT_CONVERSION = YES;
				GCC_WARN_ABOUT_RETURN_TYPE = YES_ERROR;
				GCC_WARN_UNDECLARED_SELECTOR = YES;
				GCC_WARN_UNINITIALIZED_AUTOS = YES_AGGRESSIVE;
				GCC_WARN_UNUSED_FUNCTION = YES;
				GCC_WARN_UNUSED_VARIABLE = YES;
				IPHONEOS_DEPLOYMENT_TARGET = 8.1;
				MTL_ENABLE_DEBUG_INFO = NO;
				SDKROOT = iphoneos;
				TARGETED_DEVICE_FAMILY = "1,2";
				VALIDATE_PRODUCT = YES;
			};
			name = Release;
		};
		05AD492F1A369F1500FDB812 /* Debug */ = {
			isa = XCBuildConfiguration;
			baseConfigurationReference = ABA961415F75B2793D5EBD47 /* Pods.debug.xcconfig */;
			buildSettings = {
				ASSETCATALOG_COMPILER_APPICON_NAME = AppIcon;
				CODE_SIGN_IDENTITY = "iPhone Developer";
				"CODE_SIGN_IDENTITY[sdk=iphoneos*]" = "iPhone Developer";
				INFOPLIST_FILE = WebviewVideoIssue/Info.plist;
				LD_RUNPATH_SEARCH_PATHS = "$(inherited) @executable_path/Frameworks";
				PRODUCT_NAME = "$(TARGET_NAME)";
				PROVISIONING_PROFILE = "";
			};
			name = Debug;
		};
		05AD49301A369F1500FDB812 /* Release */ = {
			isa = XCBuildConfiguration;
			baseConfigurationReference = 6050B9BFF6593B1A062D49B3 /* Pods.release.xcconfig */;
			buildSettings = {
				ASSETCATALOG_COMPILER_APPICON_NAME = AppIcon;
				CODE_SIGN_IDENTITY = "iPhone Developer";
				"CODE_SIGN_IDENTITY[sdk=iphoneos*]" = "iPhone Developer";
				INFOPLIST_FILE = WebviewVideoIssue/Info.plist;
				LD_RUNPATH_SEARCH_PATHS = "$(inherited) @executable_path/Frameworks";
				PRODUCT_NAME = "$(TARGET_NAME)";
				PROVISIONING_PROFILE = "";
			};
			name = Release;
		};
		05AD49321A369F1500FDB812 /* Debug */ = {
			isa = XCBuildConfiguration;
			buildSettings = {
				BUNDLE_LOADER = "$(TEST_HOST)";
				FRAMEWORK_SEARCH_PATHS = (
					"$(SDKROOT)/Developer/Library/Frameworks",
					"$(inherited)",
				);
				GCC_PREPROCESSOR_DEFINITIONS = (
					"DEBUG=1",
					"$(inherited)",
				);
				INFOPLIST_FILE = WebviewVideoIssueTests/Info.plist;
				LD_RUNPATH_SEARCH_PATHS = "$(inherited) @executable_path/Frameworks @loader_path/Frameworks";
				PRODUCT_NAME = "$(TARGET_NAME)";
				TEST_HOST = "$(BUILT_PRODUCTS_DIR)/WebviewVideoIssue.app/WebviewVideoIssue";
			};
			name = Debug;
		};
		05AD49331A369F1500FDB812 /* Release */ = {
			isa = XCBuildConfiguration;
			buildSettings = {
				BUNDLE_LOADER = "$(TEST_HOST)";
				FRAMEWORK_SEARCH_PATHS = (
					"$(SDKROOT)/Developer/Library/Frameworks",
					"$(inherited)",
				);
				INFOPLIST_FILE = WebviewVideoIssueTests/Info.plist;
				LD_RUNPATH_SEARCH_PATHS = "$(inherited) @executable_path/Frameworks @loader_path/Frameworks";
				PRODUCT_NAME = "$(TARGET_NAME)";
				TEST_HOST = "$(BUILT_PRODUCTS_DIR)/WebviewVideoIssue.app/WebviewVideoIssue";
			};
			name = Release;
		};
/* End XCBuildConfiguration section */

/* Begin XCConfigurationList section */
		05AD49031A369F1500FDB812 /* Build configuration list for PBXProject "WebviewVideoIssue" */ = {
			isa = XCConfigurationList;
			buildConfigurations = (
				05AD492C1A369F1500FDB812 /* Debug */,
				05AD492D1A369F1500FDB812 /* Release */,
			);
			defaultConfigurationIsVisible = 0;
			defaultConfigurationName = Release;
		};
		05AD492E1A369F1500FDB812 /* Build configuration list for PBXNativeTarget "WebviewVideoIssue" */ = {
			isa = XCConfigurationList;
			buildConfigurations = (
				05AD492F1A369F1500FDB812 /* Debug */,
				05AD49301A369F1500FDB812 /* Release */,
			);
			defaultConfigurationIsVisible = 0;
			defaultConfigurationName = Release;
		};
		05AD49311A369F1500FDB812 /* Build configuration list for PBXNativeTarget "WebviewVideoIssueTests" */ = {
			isa = XCConfigurationList;
			buildConfigurations = (
				05AD49321A369F1500FDB812 /* Debug */,
				05AD49331A369F1500FDB812 /* Release */,
			);
			defaultConfigurationIsVisible = 0;
			defaultConfigurationName = Release;
		};
/* End XCConfigurationList section */
	};
	rootObject = 05AD49001A369F1500FDB812 /* Project object */;
}
